
Microsoft Visual Studio Solution File, Format Version 12.00
# Visual Studio Version 16
VisualStudioVersion = 16.0.31402.337
MinimumVisualStudioVersion = 10.0.40219.1
Project("{FAE04EC0-301F-11D3-BF4B-00C04F79EFBC}") = "Messages Editor", "Messages Editor\Messages Editor.csproj", "{940DB492-7D34-4B73-923A-2015D30B58BE}"
EndProject
Global
	GlobalSection(SolutionConfigurationPlatforms) = preSolution
		Debug|Any CPU = Debug|Any CPU
		Release|Any CPU = Release|Any CPU
	EndGlobalSection
	GlobalSection(ProjectConfigurationPlatforms) = postSolution
		{940DB492-7D34-4B73-923A-2015D30B58BE}.Debug|Any CPU.ActiveCfg = Debug|Any CPU
		{940DB492-7D34-4B73-923A-2015D30B58BE}.Debug|Any CPU.Build.0 = Debug|Any CPU
		{940DB492-7D34-4B73-923A-2015D30B58BE}.Release|Any CPU.ActiveCfg = Release|Any CPU
		{940DB492-7D34-4B73-923A-2015D30B58BE}.Release|Any CPU.Build.0 = Release|Any CPU
	EndGlobalSection
	GlobalSection(SolutionProperties) = preSolution
		HideSolutionNode = FALSE
	EndGlobalSection
	GlobalSection(ExtensibilityGlobals) = postSolution
		SolutionGuid = {511B719F-3D85-43C5-8091-E7C347547262}
	EndGlobalSection
EndGlobal
